// !$*UTF8*$!
{
	archiveVersion = 1;
	classes = {
	};
	objectVersion = 50;
	objects = {

/* Begin PBXBuildFile section */
		ACBA46392B6BA7DB002F932C /* AppDelegate.swift in Sources */ = {isa = PBXBuildFile; fileRef = ACBA46382B6BA7DB002F932C /* AppDelegate.swift */; };
		ACBA463B2B6BA7DB002F932C /* SceneDelegate.swift in Sources */ = {isa = PBXBuildFile; fileRef = ACBA463A2B6BA7DB002F932C /* SceneDelegate.swift */; };
		ACBA463D2B6BA7DB002F932C /* ViewController.swift in Sources */ = {isa = PBXBuildFile; fileRef = ACBA463C2B6BA7DB002F932C /* ViewController.swift */; };
		ACBA46402B6BA7DB002F932C /* Main.storyboard in Resources */ = {isa = PBXBuildFile; fileRef = ACBA463E2B6BA7DB002F932C /* Main.storyboard */; };
		ACBA46422B6BA7DC002F932C /* Assets.xcassets in Resources */ = {isa = PBXBuildFile; fileRef = ACBA46412B6BA7DC002F932C /* Assets.xcassets */; };
		ACBA46452B6BA7DC002F932C /* LaunchScreen.storyboard in Resources */ = {isa = PBXBuildFile; fileRef = ACBA46432B6BA7DC002F932C /* LaunchScreen.storyboard */; };
		ACBA46502B6BA7DD002F932C /* App2Tests.swift in Sources */ = {isa = PBXBuildFile; fileRef = ACBA464F2B6BA7DD002F932C /* App2Tests.swift */; };
		ACBA465B2B6BA7DD002F932C /* App2UITests.swift in Sources */ = {isa = PBXBuildFile; fileRef = ACBA465A2B6BA7DD002F932C /* App2UITests.swift */; };
/* End PBXBuildFile section */

/* Begin PBXContainerItemProxy section */
		ACBA464C2B6BA7DD002F932C /* PBXContainerItemProxy */ = {
			isa = PBXContainerItemProxy;
			containerPortal = ACBA462D2B6BA7DB002F932C /* Project object */;
			proxyType = 1;
			remoteGlobalIDString = ACBA46342B6BA7DB002F932C;
			remoteInfo = App2;
		};
		ACBA46572B6BA7DD002F932C /* PBXContainerItemProxy */ = {
			isa = PBXContainerItemProxy;
			containerPortal = ACBA462D2B6BA7DB002F932C /* Project object */;
			proxyType = 1;
			remoteGlobalIDString = ACBA46342B6BA7DB002F932C;
			remoteInfo = App2;
		};
/* End PBXContainerItemProxy section */

/* Begin PBXFileReference section */
		ACBA46352B6BA7DB002F932C /* App2.app */ = {isa = PBXFileReference; explicitFileType = wrapper.application; includeInIndex = 0; path = App2.app; sourceTree = BUILT_PRODUCTS_DIR; };
		ACBA46382B6BA7DB002F932C /* AppDelegate.swift */ = {isa = PBXFileReference; lastKnownFileType = sourcecode.swift; path = AppDelegate.swift; sourceTree = "<group>"; };
		ACBA463A2B6BA7DB002F932C /* SceneDelegate.swift */ = {isa = PBXFileReference; lastKnownFileType = sourcecode.swift; path = SceneDelegate.swift; sourceTree = "<group>"; };
		ACBA463C2B6BA7DB002F932C /* ViewController.swift */ = {isa = PBXFileReference; lastKnownFileType = sourcecode.swift; path = ViewController.swift; sourceTree = "<group>"; };
		ACBA463F2B6BA7DB002F932C /* Base */ = {isa = PBXFileReference; lastKnownFileType = file.storyboard; name = Base; path = Base.lproj/Main.storyboard; sourceTree = "<group>"; };
		ACBA46412B6BA7DC002F932C /* Assets.xcassets */ = {isa = PBXFileReference; lastKnownFileType = folder.assetcatalog; path = Assets.xcassets; sourceTree = "<group>"; };
		ACBA46442B6BA7DC002F932C /* Base */ = {isa = PBXFileReference; lastKnownFileType = file.storyboard; name = Base; path = Base.lproj/LaunchScreen.storyboard; sourceTree = "<group>"; };
		ACBA46462B6BA7DC002F932C /* Info.plist */ = {isa = PBXFileReference; lastKnownFileType = text.plist.xml; path = Info.plist; sourceTree = "<group>"; };
		ACBA464B2B6BA7DD002F932C /* App2Tests.xctest */ = {isa = PBXFileReference; explicitFileType = wrapper.cfbundle; includeInIndex = 0; path = App2Tests.xctest; sourceTree = BUILT_PRODUCTS_DIR; };
		ACBA464F2B6BA7DD002F932C /* App2Tests.swift */ = {isa = PBXFileReference; lastKnownFileType = sourcecode.swift; path = App2Tests.swift; sourceTree = "<group>"; };
		ACBA46512B6BA7DD002F932C /* Info.plist */ = {isa = PBXFileReference; lastKnownFileType = text.plist.xml; path = Info.plist; sourceTree = "<group>"; };
		ACBA46562B6BA7DD002F932C /* App2UITests.xctest */ = {isa = PBXFileReference; explicitFileType = wrapper.cfbundle; includeInIndex = 0; path = App2UITests.xctest; sourceTree = BUILT_PRODUCTS_DIR; };
		ACBA465A2B6BA7DD002F932C /* App2UITests.swift */ = {isa = PBXFileReference; lastKnownFileType = sourcecode.swift; path = App2UITests.swift; sourceTree = "<group>"; };
		ACBA465C2B6BA7DD002F932C /* Info.plist */ = {isa = PBXFileReference; lastKnownFileType = text.plist.xml; path = Info.plist; sourceTree = "<group>"; };
/* End PBXFileReference section */

/* Begin PBXFrameworksBuildPhase section */
		ACBA46322B6BA7DB002F932C /* Frameworks */ = {
			isa = PBXFrameworksBuildPhase;
			buildActionMask = 2147483647;
			files = (
			);
			runOnlyForDeploymentPostprocessing = 0;
		};
		ACBA46482B6BA7DD002F932C /* Frameworks */ = {
			isa = PBXFrameworksBuildPhase;
			buildActionMask = 2147483647;
			files = (
			);
			runOnlyForDeploymentPostprocessing = 0;
		};
		ACBA46532B6BA7DD002F932C /* Frameworks */ = {
			isa = PBXFrameworksBuildPhase;
			buildActionMask = 2147483647;
			files = (
			);
			runOnlyForDeploymentPostprocessing = 0;
		};
/* End PBXFrameworksBuildPhase section */

/* Begin PBXGroup section */
		ACBA462C2B6BA7DB002F932C = {
			isa = PBXGroup;
			children = (
				ACBA46372B6BA7DB002F932C /* App2 */,
				ACBA464E2B6BA7DD002F932C /* App2Tests */,
				ACBA46592B6BA7DD002F932C /* App2UITests */,
				ACBA46362B6BA7DB002F932C /* Products */,
			);
			sourceTree = "<group>";
		};
		ACBA46362B6BA7DB002F932C /* Products */ = {
			isa = PBXGroup;
			children = (
				ACBA46352B6BA7DB002F932C /* App2.app */,
				ACBA464B2B6BA7DD002F932C /* App2Tests.xctest */,
				ACBA46562B6BA7DD002F932C /* App2UITests.xctest */,
			);
			name = Products;
			sourceTree = "<group>";
		};
		ACBA46372B6BA7DB002F932C /* App2 */ = {
			isa = PBXGroup;
			children = (
				ACBA46382B6BA7DB002F932C /* AppDelegate.swift */,
				ACBA463A2B6BA7DB002F932C /* SceneDelegate.swift */,
				ACBA463C2B6BA7DB002F932C /* ViewController.swift */,
				ACBA463E2B6BA7DB002F932C /* Main.storyboard */,
				ACBA46412B6BA7DC002F932C /* Assets.xcassets */,
				ACBA46432B6BA7DC002F932C /* LaunchScreen.storyboard */,
				ACBA46462B6BA7DC002F932C /* Info.plist */,
			);
			path = App2;
			sourceTree = "<group>";
		};
		ACBA464E2B6BA7DD002F932C /* App2Tests */ = {
			isa = PBXGroup;
			children = (
				ACBA464F2B6BA7DD002F932C /* App2Tests.swift */,
				ACBA46512B6BA7DD002F932C /* Info.plist */,
			);
			path = App2Tests;
			sourceTree = "<group>";
		};
		ACBA46592B6BA7DD002F932C /* App2UITests */ = {
			isa = PBXGroup;
			children = (
				ACBA465A2B6BA7DD002F932C /* App2UITests.swift */,
				ACBA465C2B6BA7DD002F932C /* Info.plist */,
			);
			path = App2UITests;
			sourceTree = "<group>";
		};
/* End PBXGroup section */

/* Begin PBXNativeTarget section */
		ACBA46342B6BA7DB002F932C /* App2 */ = {
			isa = PBXNativeTarget;
			buildConfigurationList = ACBA465F2B6BA7DD002F932C /* Build configuration list for PBXNativeTarget "App2" */;
			buildPhases = (
				ACBA46312B6BA7DB002F932C /* Sources */,
				ACBA46322B6BA7DB002F932C /* Frameworks */,
				ACBA46332B6BA7DB002F932C /* Resources */,
			);
			buildRules = (
			);
			dependencies = (
			);
			name = App2;
			productName = App2;
			productReference = ACBA46352B6BA7DB002F932C /* App2.app */;
			productType = "com.apple.product-type.application";
		};
		ACBA464A2B6BA7DD002F932C /* App2Tests */ = {
			isa = PBXNativeTarget;
			buildConfigurationList = ACBA46622B6BA7DD002F932C /* Build configuration list for PBXNativeTarget "App2Tests" */;
			buildPhases = (
				ACBA46472B6BA7DD002F932C /* Sources */,
				ACBA46482B6BA7DD002F932C /* Frameworks */,
				ACBA46492B6BA7DD002F932C /* Resources */,
			);
			buildRules = (
			);
			dependencies = (
				ACBA464D2B6BA7DD002F932C /* PBXTargetDependency */,
			);
			name = App2Tests;
			productName = App2Tests;
			productReference = ACBA464B2B6BA7DD002F932C /* App2Tests.xctest */;
			productType = "com.apple.product-type.bundle.unit-test";
		};
		ACBA46552B6BA7DD002F932C /* App2UITests */ = {
			isa = PBXNativeTarget;
			buildConfigurationList = ACBA46652B6BA7DD002F932C /* Build configuration list for PBXNativeTarget "App2UITests" */;
			buildPhases = (
				ACBA46522B6BA7DD002F932C /* Sources */,
				ACBA46532B6BA7DD002F932C /* Frameworks */,
				ACBA46542B6BA7DD002F932C /* Resources */,
			);
			buildRules = (
			);
			dependencies = (
				ACBA46582B6BA7DD002F932C /* PBXTargetDependency */,
			);
			name = App2UITests;
			productName = App2UITests;
			productReference = ACBA46562B6BA7DD002F932C /* App2UITests.xctest */;
			productType = "com.apple.product-type.bundle.ui-testing";
		};
/* End PBXNativeTarget section */

/* Begin PBXProject section */
		ACBA462D2B6BA7DB002F932C /* Project object */ = {
			isa = PBXProject;
			attributes = {
				LastSwiftUpdateCheck = 1210;
				LastUpgradeCheck = 1210;
				TargetAttributes = {
					ACBA46342B6BA7DB002F932C = {
						CreatedOnToolsVersion = 12.1;
					};
					ACBA464A2B6BA7DD002F932C = {
						CreatedOnToolsVersion = 12.1;
						TestTargetID = ACBA46342B6BA7DB002F932C;
					};
					ACBA46552B6BA7DD002F932C = {
						CreatedOnToolsVersion = 12.1;
						TestTargetID = ACBA46342B6BA7DB002F932C;
					};
				};
			};
			buildConfigurationList = ACBA46302B6BA7DB002F932C /* Build configuration list for PBXProject "App2" */;
			compatibilityVersion = "Xcode 9.3";
			developmentRegion = en;
			hasScannedForEncodings = 0;
			knownRegions = (
				en,
				Base,
			);
			mainGroup = ACBA462C2B6BA7DB002F932C;
			productRefGroup = ACBA46362B6BA7DB002F932C /* Products */;
			projectDirPath = "";
			projectRoot = "";
			targets = (
				ACBA46342B6BA7DB002F932C /* App2 */,
				ACBA464A2B6BA7DD002F932C /* App2Tests */,
				ACBA46552B6BA7DD002F932C /* App2UITests */,
			);
		};
/* End PBXProject section */

/* Begin PBXResourcesBuildPhase section */
		ACBA46332B6BA7DB002F932C /* Resources */ = {
			isa = PBXResourcesBuildPhase;
			buildActionMask = 2147483647;
			files = (
				ACBA46452B6BA7DC002F932C /* LaunchScreen.storyboard in Resources */,
				ACBA46422B6BA7DC002F932C /* Assets.xcassets in Resources */,
				ACBA46402B6BA7DB002F932C /* Main.storyboard in Resources */,
			);
			runOnlyForDeploymentPostprocessing = 0;
		};
		ACBA46492B6BA7DD002F932C /* Resources */ = {
			isa = PBXResourcesBuildPhase;
			buildActionMask = 2147483647;
			files = (
			);
			runOnlyForDeploymentPostprocessing = 0;
		};
		ACBA46542B6BA7DD002F932C /* Resources */ = {
			isa = PBXResourcesBuildPhase;
			buildActionMask = 2147483647;
			files = (
			);
			runOnlyForDeploymentPostprocessing = 0;
		};
/* End PBXResourcesBuildPhase section */

/* Begin PBXSourcesBuildPhase section */
		ACBA46312B6BA7DB002F932C /* Sources */ = {
			isa = PBXSourcesBuildPhase;
			buildActionMask = 2147483647;
			files = (
				ACBA463D2B6BA7DB002F932C /* ViewController.swift in Sources */,
				ACBA46392B6BA7DB002F932C /* AppDelegate.swift in Sources */,
				ACBA463B2B6BA7DB002F932C /* SceneDelegate.swift in Sources */,
			);
			runOnlyForDeploymentPostprocessing = 0;
		};
		ACBA46472B6BA7DD002F932C /* Sources */ = {
			isa = PBXSourcesBuildPhase;
			buildActionMask = 2147483647;
			files = (
				ACBA46502B6BA7DD002F932C /* App2Tests.swift in Sources */,
			);
			runOnlyForDeploymentPostprocessing = 0;
		};
		ACBA46522B6BA7DD002F932C /* Sources */ = {
			isa = PBXSourcesBuildPhase;
			buildActionMask = 2147483647;
			files = (
				ACBA465B2B6BA7DD002F932C /* App2UITests.swift in Sources */,
			);
			runOnlyForDeploymentPostprocessing = 0;
		};
/* End PBXSourcesBuildPhase section */

/* Begin PBXTargetDependency section */
		ACBA464D2B6BA7DD002F932C /* PBXTargetDependency */ = {
			isa = PBXTargetDependency;
			target = ACBA46342B6BA7DB002F932C /* App2 */;
			targetProxy = ACBA464C2B6BA7DD002F932C /* PBXContainerItemProxy */;
		};
		ACBA46582B6BA7DD002F932C /* PBXTargetDependency */ = {
			isa = PBXTargetDependency;
			target = ACBA46342B6BA7DB002F932C /* App2 */;
			targetProxy = ACBA46572B6BA7DD002F932C /* PBXContainerItemProxy */;
		};
/* End PBXTargetDependency section */

/* Begin PBXVariantGroup section */
		ACBA463E2B6BA7DB002F932C /* Main.storyboard */ = {
			isa = PBXVariantGroup;
			children = (
				ACBA463F2B6BA7DB002F932C /* Base */,
			);
			name = Main.storyboard;
			sourceTree = "<group>";
		};
		ACBA46432B6BA7DC002F932C /* LaunchScreen.storyboard */ = {
			isa = PBXVariantGroup;
			children = (
				ACBA46442B6BA7DC002F932C /* Base */,
			);
			name = LaunchScreen.storyboard;
			sourceTree = "<group>";
		};
/* End PBXVariantGroup section */

/* Begin XCBuildConfiguration section */
		ACBA465D2B6BA7DD002F932C /* Debug */ = {
			isa = XCBuildConfiguration;
			buildSettings = {
				ALWAYS_SEARCH_USER_PATHS = NO;
				CLANG_ANALYZER_NONNULL = YES;
				CLANG_ANALYZER_NUMBER_OBJECT_CONVERSION = YES_AGGRESSIVE;
				CLANG_CXX_LANGUAGE_STANDARD = "gnu++14";
				CLANG_CXX_LIBRARY = "libc++";
				CLANG_ENABLE_MODULES = YES;
				CLANG_ENABLE_OBJC_ARC = YES;
				CLANG_ENABLE_OBJC_WEAK = YES;
				CLANG_WARN_BLOCK_CAPTURE_AUTORELEASING = YES;
				CLANG_WARN_BOOL_CONVERSION = YES;
				CLANG_WARN_COMMA = YES;
				CLANG_WARN_CONSTANT_CONVERSION = YES;
				CLANG_WARN_DEPRECATED_OBJC_IMPLEMENTATIONS = YES;
				CLANG_WARN_DIRECT_OBJC_ISA_USAGE = YES_ERROR;
				CLANG_WARN_DOCUMENTATION_COMMENTS = YES;
				CLANG_WARN_EMPTY_BODY = YES;
				CLANG_WARN_ENUM_CONVERSION = YES;
				CLANG_WARN_INFINITE_RECURSION = YES;
				CLANG_WARN_INT_CONVERSION = YES;
				CLANG_WARN_NON_LITERAL_NULL_CONVERSION = YES;
				CLANG_WARN_OBJC_IMPLICIT_RETAIN_SELF = YES;
				CLANG_WARN_OBJC_LITERAL_CONVERSION = YES;
				CLANG_WARN_OBJC_ROOT_CLASS = YES_ERROR;
				CLANG_WARN_QUOTED_INCLUDE_IN_FRAMEWORK_HEADER = YES;
				CLANG_WARN_RANGE_LOOP_ANALYSIS = YES;
				CLANG_WARN_STRICT_PROTOTYPES = YES;
				CLANG_WARN_SUSPICIOUS_MOVE = YES;
				CLANG_WARN_UNGUARDED_AVAILABILITY = YES_AGGRESSIVE;
				CLANG_WARN_UNREACHABLE_CODE = YES;
				CLANG_WARN__DUPLICATE_METHOD_MATCH = YES;
				COPY_PHASE_STRIP = NO;
				DEBUG_INFORMATION_FORMAT = dwarf;
				ENABLE_STRICT_OBJC_MSGSEND = YES;
				ENABLE_TESTABILITY = YES;
				GCC_C_LANGUAGE_STANDARD = gnu11;
				GCC_DYNAMIC_NO_PIC = NO;
				GCC_NO_COMMON_BLOCKS = YES;
				GCC_OPTIMIZATION_LEVEL = 0;
				GCC_PREPROCESSOR_DEFINITIONS = (
					"DEBUG=1",
					"$(inherited)",
				);
				GCC_WARN_64_TO_32_BIT_CONVERSION = YES;
				GCC_WARN_ABOUT_RETURN_TYPE = YES_ERROR;
				GCC_WARN_UNDECLARED_SELECTOR = YES;
				GCC_WARN_UNINITIALIZED_AUTOS = YES_AGGRESSIVE;
				GCC_WARN_UNUSED_FUNCTION = YES;
				GCC_WARN_UNUSED_VARIABLE = YES;
				IPHONEOS_DEPLOYMENT_TARGET = 14.1;
				MTL_ENABLE_DEBUG_INFO = INCLUDE_SOURCE;
				MTL_FAST_MATH = YES;
				ONLY_ACTIVE_ARCH = YES;
				SDKROOT = iphoneos;
				SWIFT_ACTIVE_COMPILATION_CONDITIONS = DEBUG;
				SWIFT_OPTIMIZATION_LEVEL = "-Onone";
			};
			name = Debug;
		};
		ACBA465E2B6BA7DD002F932C /* Release */ = {
			isa = XCBuildConfiguration;
			buildSettings = {
				ALWAYS_SEARCH_USER_PATHS = NO;
				CLANG_ANALYZER_NONNULL = YES;
				CLANG_ANALYZER_NUMBER_OBJECT_CONVERSION = YES_AGGRESSIVE;
				CLANG_CXX_LANGUAGE_STANDARD = "gnu++14";
				CLANG_CXX_LIBRARY = "libc++";
				CLANG_ENABLE_MODULES = YES;
				CLANG_ENABLE_OBJC_ARC = YES;
				CLANG_ENABLE_OBJC_WEAK = YES;
				CLANG_WARN_BLOCK_CAPTURE_AUTORELEASING = YES;
				CLANG_WARN_BOOL_CONVERSION = YES;
				CLANG_WARN_COMMA = YES;
				CLANG_WARN_CONSTANT_CONVERSION = YES;
				CLANG_WARN_DEPRECATED_OBJC_IMPLEMENTATIONS = YES;
				CLANG_WARN_DIRECT_OBJC_ISA_USAGE = YES_ERROR;
				CLANG_WARN_DOCUMENTATION_COMMENTS = YES;
				CLANG_WARN_EMPTY_BODY = YES;
				CLANG_WARN_ENUM_CONVERSION = YES;
				CLANG_WARN_INFINITE_RECURSION = YES;
				CLANG_WARN_INT_CONVERSION = YES;
				CLANG_WARN_NON_LITERAL_NULL_CONVERSION = YES;
				CLANG_WARN_OBJC_IMPLICIT_RETAIN_SELF = YES;
				CLANG_WARN_OBJC_LITERAL_CONVERSION = YES;
				CLANG_WARN_OBJC_ROOT_CLASS = YES_ERROR;
				CLANG_WARN_QUOTED_INCLUDE_IN_FRAMEWORK_HEADER = YES;
				CLANG_WARN_RANGE_LOOP_ANALYSIS = YES;
				CLANG_WARN_STRICT_PROTOTYPES = YES;
				CLANG_WARN_SUSPICIOUS_MOVE = YES;
				CLANG_WARN_UNGUARDED_AVAILABILITY = YES_AGGRESSIVE;
				CLANG_WARN_UNREACHABLE_CODE = YES;
				CLANG_WARN__DUPLICATE_METHOD_MATCH = YES;
				COPY_PHASE_STRIP = NO;
				DEBUG_INFORMATION_FORMAT = "dwarf-with-dsym";
				ENABLE_NS_ASSERTIONS = NO;
				ENABLE_STRICT_OBJC_MSGSEND = YES;
				GCC_C_LANGUAGE_STANDARD = gnu11;
				GCC_NO_COMMON_BLOCKS = YES;
				GCC_WARN_64_TO_32_BIT_CONVERSION = YES;
				GCC_WARN_ABOUT_RETURN_TYPE = YES_ERROR;
				GCC_WARN_UNDECLARED_SELECTOR = YES;
				GCC_WARN_UNINITIALIZED_AUTOS = YES_AGGRESSIVE;
				GCC_WARN_UNUSED_FUNCTION = YES;
				GCC_WARN_UNUSED_VARIABLE = YES;
				IPHONEOS_DEPLOYMENT_TARGET = 14.1;
				MTL_ENABLE_DEBUG_INFO = NO;
				MTL_FAST_MATH = YES;
				SDKROOT = iphoneos;
				SWIFT_COMPILATION_MODE = wholemodule;
				SWIFT_OPTIMIZATION_LEVEL = "-O";
				VALIDATE_PRODUCT = YES;
			};
			name = Release;
		};
		ACBA46602B6BA7DD002F932C /* Debug */ = {
			isa = XCBuildConfiguration;
			buildSettings = {
				ASSETCATALOG_COMPILER_APPICON_NAME = AppIcon;
				ASSETCATALOG_COMPILER_GLOBAL_ACCENT_COLOR_NAME = AccentColor;
				CODE_SIGN_STYLE = Automatic;
				INFOPLIST_FILE = App2/Info.plist;
				LD_RUNPATH_SEARCH_PATHS = (
					"$(inherited)",
					"@executable_path/Frameworks",
				);
				PRODUCT_BUNDLE_IDENTIFIER = Tekup.App2;
				PRODUCT_NAME = "$(TARGET_NAME)";
				SWIFT_VERSION = 5.0;
				TARGETED_DEVICE_FAMILY = "1,2";
			};
			name = Debug;
		};
		ACBA46612B6BA7DD002F932C /* Release */ = {
			isa = XCBuildConfiguration;
			buildSettings = {
				ASSETCATALOG_COMPILER_APPICON_NAME = AppIcon;
				ASSETCATALOG_COMPILER_GLOBAL_ACCENT_COLOR_NAME = AccentColor;
				CODE_SIGN_STYLE = Automatic;
				INFOPLIST_FILE = App2/Info.plist;
				LD_RUNPATH_SEARCH_PATHS = (
					"$(inherited)",
					"@executable_path/Frameworks",
				);
				PRODUCT_BUNDLE_IDENTIFIER = Tekup.App2;
				PRODUCT_NAME = "$(TARGET_NAME)";
				SWIFT_VERSION = 5.0;
				TARGETED_DEVICE_FAMILY = "1,2";
			};
			name = Release;
		};
		ACBA46632B6BA7DD002F932C /* Debug */ = {
			isa = XCBuildConfiguration;
			buildSettings = {
				ALWAYS_EMBED_SWIFT_STANDARD_LIBRARIES = YES;
				BUNDLE_LOADER = "$(TEST_HOST)";
				CODE_SIGN_STYLE = Automatic;
				INFOPLIST_FILE = App2Tests/Info.plist;
				IPHONEOS_DEPLOYMENT_TARGET = 14.1;
				LD_RUNPATH_SEARCH_PATHS = (
					"$(inherited)",
					"@executable_path/Frameworks",
					"@loader_path/Frameworks",
				);
				PRODUCT_BUNDLE_IDENTIFIER = Tekup.App2Tests;
				PRODUCT_NAME = "$(TARGET_NAME)";
				SWIFT_VERSION = 5.0;
				TARGETED_DEVICE_FAMILY = "1,2";
				TEST_HOST = "$(BUILT_PRODUCTS_DIR)/App2.app/App2";
			};
			name = Debug;
		};
		ACBA46642B6BA7DD002F932C /* Release */ = {
			isa = XCBuildConfiguration;
			buildSettings = {
				ALWAYS_EMBED_SWIFT_STANDARD_LIBRARIES = YES;
				BUNDLE_LOADER = "$(TEST_HOST)";
				CODE_SIGN_STYLE = Automatic;
				INFOPLIST_FILE = App2Tests/Info.plist;
				IPHONEOS_DEPLOYMENT_TARGET = 14.1;
				LD_RUNPATH_SEARCH_PATHS = (
					"$(inherited)",
					"@executable_path/Frameworks",
					"@loader_path/Frameworks",
				);
				PRODUCT_BUNDLE_IDENTIFIER = Tekup.App2Tests;
				PRODUCT_NAME = "$(TARGET_NAME)";
				SWIFT_VERSION = 5.0;
				TARGETED_DEVICE_FAMILY = "1,2";
				TEST_HOST = "$(BUILT_PRODUCTS_DIR)/App2.app/App2";
			};
			name = Release;
		};
		ACBA46662B6BA7DD002F932C /* Debug */ = {
			isa = XCBuildConfiguration;
			buildSettings = {
				ALWAYS_EMBED_SWIFT_STANDARD_LIBRARIES = YES;
				CODE_SIGN_STYLE = Automatic;
				INFOPLIST_FILE = App2UITests/Info.plist;
				LD_RUNPATH_SEARCH_PATHS = (
					"$(inherited)",
					"@executable_path/Frameworks",
					"@loader_path/Frameworks",
				);
				PRODUCT_BUNDLE_IDENTIFIER = Tekup.App2UITests;
				PRODUCT_NAME = "$(TARGET_NAME)";
				SWIFT_VERSION = 5.0;
				TARGETED_DEVICE_FAMILY = "1,2";
				TEST_TARGET_NAME = App2;
			};
			name = Debug;
		};
		ACBA46672B6BA7DD002F932C /* Release */ = {
			isa = XCBuildConfiguration;
			buildSettings = {
				ALWAYS_EMBED_SWIFT_STANDARD_LIBRARIES = YES;
				CODE_SIGN_STYLE = Automatic;
				INFOPLIST_FILE = App2UITests/Info.plist;
				LD_RUNPATH_SEARCH_PATHS = (
					"$(inherited)",
					"@executable_path/Frameworks",
					"@loader_path/Frameworks",
				);
				PRODUCT_BUNDLE_IDENTIFIER = Tekup.App2UITests;
				PRODUCT_NAME = "$(TARGET_NAME)";
				SWIFT_VERSION = 5.0;
				TARGETED_DEVICE_FAMILY = "1,2";
				TEST_TARGET_NAME = App2;
			};
			name = Release;
		};
/* End XCBuildConfiguration section */

/* Begin XCConfigurationList section */
		ACBA46302B6BA7DB002F932C /* Build configuration list for PBXProject "App2" */ = {
			isa = XCConfigurationList;
			buildConfigurations = (
				ACBA465D2B6BA7DD002F932C /* Debug */,
				ACBA465E2B6BA7DD002F932C /* Release */,
			);
			defaultConfigurationIsVisible = 0;
			defaultConfigurationName = Release;
		};
		ACBA465F2B6BA7DD002F932C /* Build configuration list for PBXNativeTarget "App2" */ = {
			isa = XCConfigurationList;
			buildConfigurations = (
				ACBA46602B6BA7DD002F932C /* Debug */,
				ACBA46612B6BA7DD002F932C /* Release */,
			);
			defaultConfigurationIsVisible = 0;
			defaultConfigurationName = Release;
		};
		ACBA46622B6BA7DD002F932C /* Build configuration list for PBXNativeTarget "App2Tests" */ = {
			isa = XCConfigurationList;
			buildConfigurations = (
				ACBA46632B6BA7DD002F932C /* Debug */,
				ACBA46642B6BA7DD002F932C /* Release */,
			);
			defaultConfigurationIsVisible = 0;
			defaultConfigurationName = Release;
		};
		ACBA46652B6BA7DD002F932C /* Build configuration list for PBXNativeTarget "App2UITests" */ = {
			isa = XCConfigurationList;
			buildConfigurations = (
				ACBA46662B6BA7DD002F932C /* Debug */,
				ACBA46672B6BA7DD002F932C /* Release */,
			);
			defaultConfigurationIsVisible = 0;
			defaultConfigurationName = Release;
		};
/* End XCConfigurationList section */
	};
	rootObject = ACBA462D2B6BA7DB002F932C /* Project object */;
}
